{
    "_readme": [
        "This file locks the dependencies of your project to a known state",
        "Read more about it at https://getcomposer.org/doc/01-basic-usage.md#installing-dependencies",
        "This file is @generated automatically"
    ],
    "content-hash": "3d981afc0aef39266e670c975d176622",
    "packages": [
        {
            "name": "waljqiang/encode",
            "version": "1.2",
            "source": {
                "type": "git",
                "url": "https://github.com/waljqiang/encode.git",
                "reference": "66cad3aaa2f326fa993cb883fd64aa74b09faf9b"
            },
            "dist": {
                "type": "zip",
                "url": "https://api.github.com/repos/waljqiang/encode/zipball/66cad3aaa2f326fa993cb883fd64aa74b09faf9b",
                "reference": "66cad3aaa2f326fa993cb883fd64aa74b09faf9b",
                "shasum": ""
            },
            "require": {
                "php": ">=5.4"
            },
            "type": "library",
            "autoload": {
                "psr-4": {
                    "Waljqiang\\Encode\\": "src/",
                    "Encode\\": "src/Class"
                }
            },
            "notification-url": "https://packagist.org/downloads/",
            "license": [
                "MIT"
            ],
            "authors": [
                {
                    "name": "waljqiang",
                    "email": "waljqiang@163.com"
                }
            ],
            "description": "php encode",
            "time": "2020-05-11T08:43:54+00:00"
        }
    ],
    "packages-dev": [],
    "aliases": [],
    "minimum-stability": "stable",
    "stability-flags": [],
    "prefer-stable": false,
    "prefer-lowest": false,
    "platform": {
        "php": ">=5.4"
    },
    "platform-dev": []
}
