{
    "_readme": [
        "This file locks the dependencies of your project to a known state",
        "Read more about it at https://getcomposer.org/doc/01-basic-usage.md#installing-dependencies",
        "This file is @generated automatically"
    ],
    "content-hash": "cec3e128e60cc6f50a5ec3c7442a1c7e",
    "packages": [
        {
            "name": "waljqiang/encode",
            "version": "4.1",
            "source": {
                "type": "git",
                "url": "https://github.com/waljqiang/encode.git",
                "reference": "d45b921b049de16a321fbeaffa3abbad4038215c"
            },
            "dist": {
                "type": "zip",
                "url": "https://api.github.com/repos/waljqiang/encode/zipball/d45b921b049de16a321fbeaffa3abbad4038215c",
                "reference": "d45b921b049de16a321fbeaffa3abbad4038215c",
                "shasum": ""
            },
            "require": {
                "php": ">=5.4"
            },
            "type": "library",
            "autoload": {
                "psr-4": {
                    "Waljqiang\\Encode\\": "src/",
                    "Encode\\": "src/Class"
                }
            },
            "notification-url": "https://packagist.org/downloads/",
            "license": [
                "MIT"
            ],
            "authors": [
                {
                    "name": "waljqiang",
                    "email": "waljqiang@163.com"
                }
            ],
            "description": "php encode",
            "time": "2020-05-13T03:47:23+00:00"
        }
    ],
    "packages-dev": [],
    "aliases": [],
    "minimum-stability": "stable",
    "stability-flags": [],
    "prefer-stable": false,
    "prefer-lowest": false,
    "platform": {
        "php": ">=5.4"
    },
    "platform-dev": []
}
